<?xml version="1.0" encoding="utf-8"?>
<Project ToolsVersion="4.0" xmlns="http://schemas.microsoft.com/developer/msbuild/2003">
  <ItemGroup>
    <Filter Include="CollisionDetection">
      <UniqueIdentifier>{7c45a941-5f3a-4dc9-b113-df0c37be8dd0}</UniqueIdentifier>
    </Filter>
    <Filter Include="Physics">
      <UniqueIdentifier>{9aee0dfe-4d09-49bb-903b-0c7f2a8a6134}</UniqueIdentifier>
    </Filter>
    <Filter Include="Networking">
      <UniqueIdentifier>{dddf3464-b165-4008-a2e5-453151aa4c21}</UniqueIdentifier>
    </Filter>
    <Filter Include="AI">
      <UniqueIdentifier>{ed419283-b2e2-421f-a417-ff0c62260d42}</UniqueIdentifier>
    </Filter>
    <Filter Include="Pathfinding">
      <UniqueIdentifier>{84f869c2-c73b-4eb0-ace4-ff4d685ef4ee}</UniqueIdentifier>
    </Filter>
    <Filter Include="Other">
      <UniqueIdentifier>{7d85adc6-7681-4657-8953-c5696f06c66d}</UniqueIdentifier>
    </Filter>
    <Filter Include="CollisionDetection\Header Files">
      <UniqueIdentifier>{560915c0-8ab8-4ab1-b427-927238789e7f}</UniqueIdentifier>
    </Filter>
    <Filter Include="CollisionDetection\Source Files">
      <UniqueIdentifier>{f4bec2b5-504f-44f5-b1a1-4a6cffdc9a08}</UniqueIdentifier>
    </Filter>
    <Filter Include="Networking\Header Files">
      <UniqueIdentifier>{53d1ebf5-c354-41c6-8c8e-bca1b4a4b03e}</UniqueIdentifier>
    </Filter>
    <Filter Include="Networking\Source Files">
      <UniqueIdentifier>{eaa35f13-5134-40ba-b2b2-4b1f9c608937}</UniqueIdentifier>
    </Filter>
    <Filter Include="Other\Header Files">
      <UniqueIdentifier>{7b4a1043-7300-462e-88d7-79f6854df335}</UniqueIdentifier>
    </Filter>
    <Filter Include="Other\Source Files">
      <UniqueIdentifier>{5ce86be6-006e-4398-be0f-63409dafe6f1}</UniqueIdentifier>
    </Filter>
    <Filter Include="Pathfinding\Header Files">
      <UniqueIdentifier>{bf4d4ed4-4502-49cf-a6f3-6fa0dc4cd5d9}</UniqueIdentifier>
    </Filter>
    <Filter Include="Pathfinding\Source Files">
      <UniqueIdentifier>{05fbce11-8a41-4db3-b4c3-54d50a82337b}</UniqueIdentifier>
    </Filter>
    <Filter Include="Physics\Header Files">
      <UniqueIdentifier>{af98b59c-88f9-47bf-8a52-c76c52dbb21a}</UniqueIdentifier>
    </Filter>
    <Filter Include="Physics\Source Files">
      <UniqueIdentifier>{5f76b774-d242-460e-ba12-a0301c4e19f4}</UniqueIdentifier>
    </Filter>
    <Filter Include="Utility">
      <UniqueIdentifier>{48e36983-67d1-4f2e-aaf5-2aeec97a9967}</UniqueIdentifier>
    </Filter>
    <Filter Include="AI\Header Files">
      <UniqueIdentifier>{6a01630b-1a2e-4965-8c12-50894020ef9d}</UniqueIdentifier>
    </Filter>
    <Filter Include="AI\Source Files">
      <UniqueIdentifier>{9a77af78-70a5-47b4-8a57-a846eb00f58e}</UniqueIdentifier>
    </Filter>
    <Filter Include="Utility\Defines">
      <UniqueIdentifier>{d8237e36-1d51-40b8-8980-4b16670f1dff}</UniqueIdentifier>
    </Filter>
    <Filter Include="Objects">
      <UniqueIdentifier>{4dbfce64-2d5d-497b-be43-df0c80903cf7}</UniqueIdentifier>
    </Filter>
    <Filter Include="Objects\NetworkObjects">
      <UniqueIdentifier>{91a1cec6-ad6c-4434-977f-0bdf8d332724}</UniqueIdentifier>
    </Filter>
    <Filter Include="Objects\NetworkObjects\Header Files">
      <UniqueIdentifier>{d0ea1f8c-dc91-45df-bce4-5c0d0b7c0f5a}</UniqueIdentifier>
    </Filter>
    <Filter Include="Objects\NetworkObjects\Source Files">
      <UniqueIdentifier>{a4c87b2a-49ce-40ce-a701-f2ba977ce251}</UniqueIdentifier>
    </Filter>
    <Filter Include="Objects\GameObjects">
      <UniqueIdentifier>{220c2bee-334a-43b5-bff0-f27f0b42c5e2}</UniqueIdentifier>
    </Filter>
    <Filter Include="Objects\GameObjects\Header Files">
      <UniqueIdentifier>{649af9ea-4282-4c87-935a-776b8b9c5692}</UniqueIdentifier>
    </Filter>
    <Filter Include="Objects\GameObjects\Source Files">
      <UniqueIdentifier>{9f96783e-4a31-4c55-8a6c-493c7d2a27f6}</UniqueIdentifier>
    </Filter>
  </ItemGroup>
  <ItemGroup>
    <ClInclude Include="AABBVolume.h">
      <Filter>CollisionDetection\Header Files</Filter>
    </ClInclude>
    <ClInclude Include="BoundingAABB.h">
      <Filter>CollisionDetection\Header Files</Filter>
    </ClInclude>
    <ClInclude Include="BoundingOOBB.h">
      <Filter>CollisionDetection\Header Files</Filter>
    </ClInclude>
    <ClInclude Include="BoundingSphere.h">
      <Filter>CollisionDetection\Header Files</Filter>
    </ClInclude>
    <ClInclude Include="BoundingVolume.h">
      <Filter>CollisionDetection\Header Files</Filter>
    </ClInclude>
    <ClInclude Include="CapsuleCollider.h">
      <Filter>CollisionDetection\Header Files</Filter>
    </ClInclude>
    <ClInclude Include="CollisionDetection.h">
      <Filter>CollisionDetection\Header Files</Filter>
    </ClInclude>
    <ClInclude Include="CollisionVolume.h">
      <Filter>CollisionDetection\Header Files</Filter>
    </ClInclude>
    <ClInclude Include="OBBVolume.h">
      <Filter>CollisionDetection\Header Files</Filter>
    </ClInclude>
    <ClInclude Include="QuadTree.h">
      <Filter>CollisionDetection\Header Files</Filter>
    </ClInclude>
    <ClInclude Include="Ray.h">
      <Filter>CollisionDetection\Header Files</Filter>
    </ClInclude>
    <ClInclude Include="SphereVolume.h">
      <Filter>CollisionDetection\Header Files</Filter>
    </ClInclude>
    <ClInclude Include="GameClient.h">
      <Filter>Networking\Header Files</Filter>
    </ClInclude>
    <ClInclude Include="GameServer.h">
      <Filter>Networking\Header Files</Filter>
    </ClInclude>
    <ClInclude Include="NetworkBase.h">
      <Filter>Networking\Header Files</Filter>
    </ClInclude>
    <ClInclude Include="NetworkObject.h">
      <Filter>Networking\Header Files</Filter>
    </ClInclude>
    <ClInclude Include="NetworkState.h">
      <Filter>Networking\Header Files</Filter>
    </ClInclude>
    <ClInclude Include="Debug.h">
      <Filter>Other\Header Files</Filter>
    </ClInclude>
    <ClInclude Include="GameObject.h">
      <Filter>Other\Header Files</Filter>
    </ClInclude>
    <ClInclude Include="GameWorld.h">
      <Filter>Other\Header Files</Filter>
    </ClInclude>
    <ClInclude Include="RenderObject.h">
      <Filter>Other\Header Files</Filter>
    </ClInclude>
    <ClInclude Include="Transform.h">
      <Filter>Other\Header Files</Filter>
    </ClInclude>
    <ClInclude Include="NavigationGrid.h">
      <Filter>Pathfinding\Header Files</Filter>
    </ClInclude>
    <ClInclude Include="NavigationMap.h">
      <Filter>Pathfinding\Header Files</Filter>
    </ClInclude>
    <ClInclude Include="NavigationMesh.h">
      <Filter>Pathfinding\Header Files</Filter>
    </ClInclude>
    <ClInclude Include="NavigationPath.h">
      <Filter>Pathfinding\Header Files</Filter>
    </ClInclude>
    <ClInclude Include="Constraint.h">
      <Filter>Physics\Header Files</Filter>
    </ClInclude>
    <ClInclude Include="PhysicsObject.h">
      <Filter>Physics\Header Files</Filter>
    </ClInclude>
    <ClInclude Include="PhysicsSystem.h">
      <Filter>Physics\Header Files</Filter>
    </ClInclude>
    <ClInclude Include="PositionConstraint.h">
      <Filter>Physics\Header Files</Filter>
    </ClInclude>
    <ClInclude Include="PushdownMachine.h">
      <Filter>AI\Header Files</Filter>
    </ClInclude>
    <ClInclude Include="PushdownState.h">
      <Filter>AI\Header Files</Filter>
    </ClInclude>
    <ClInclude Include="State.h">
      <Filter>AI\Header Files</Filter>
    </ClInclude>
    <ClInclude Include="StateMachine.h">
      <Filter>AI\Header Files</Filter>
    </ClInclude>
    <ClInclude Include="StateTransition.h">
      <Filter>AI\Header Files</Filter>
    </ClInclude>
    <ClInclude Include="GoosePlayer.h">
      <Filter>Objects\GameObjects\Header Files</Filter>
    </ClInclude>
    <ClInclude Include="ObsticalPlayer.h">
      <Filter>Objects\GameObjects\Header Files</Filter>
    </ClInclude>
    <ClInclude Include="Layers.h">
      <Filter>Utility\Defines</Filter>
    </ClInclude>
    <ClInclude Include="ObjectNames.h">
      <Filter>Utility\Defines</Filter>
    </ClInclude>
    <ClInclude Include="NetGoosePlayer.h">
      <Filter>Objects\NetworkObjects\Header Files</Filter>
    </ClInclude>
    <ClInclude Include="NetObsticalPlayer.h">
      <Filter>Objects\NetworkObjects\Header Files</Filter>
    </ClInclude>
    <ClInclude Include="KeeperAI.h">
      <Filter>Objects\GameObjects\Header Files</Filter>
    </ClInclude>
    <ClInclude Include="AppleObject.h">
      <Filter>Objects\GameObjects\Header Files</Filter>
    </ClInclude>
    <ClInclude Include="GamePacketReceiver.h">
      <Filter>Networking\Header Files</Filter>
    </ClInclude>
  </ItemGroup>
  <ItemGroup>
    <ClCompile Include="CollisionDetection.cpp">
      <Filter>CollisionDetection\Source Files</Filter>
    </ClCompile>
    <ClCompile Include="QuadTree.cpp">
      <Filter>CollisionDetection\Source Files</Filter>
    </ClCompile>
    <ClCompile Include="GameClient.cpp">
      <Filter>Networking\Source Files</Filter>
    </ClCompile>
    <ClCompile Include="GameServer.cpp">
      <Filter>Networking\Source Files</Filter>
    </ClCompile>
    <ClCompile Include="NetworkBase.cpp">
      <Filter>Networking\Source Files</Filter>
    </ClCompile>
    <ClCompile Include="NetworkObject.cpp">
      <Filter>Networking\Source Files</Filter>
    </ClCompile>
    <ClCompile Include="NetworkState.cpp">
      <Filter>Networking\Source Files</Filter>
    </ClCompile>
    <ClCompile Include="Debug.cpp">
      <Filter>Other\Source Files</Filter>
    </ClCompile>
    <ClCompile Include="GameObject.cpp">
      <Filter>Other\Source Files</Filter>
    </ClCompile>
    <ClCompile Include="GameWorld.cpp">
      <Filter>Other\Source Files</Filter>
    </ClCompile>
    <ClCompile Include="RenderObject.cpp">
      <Filter>Other\Source Files</Filter>
    </ClCompile>
    <ClCompile Include="Transform.cpp">
      <Filter>Other\Source Files</Filter>
    </ClCompile>
    <ClCompile Include="NavigationGrid.cpp">
      <Filter>Pathfinding\Source Files</Filter>
    </ClCompile>
    <ClCompile Include="NavigationMesh.cpp">
      <Filter>Pathfinding\Source Files</Filter>
    </ClCompile>
    <ClCompile Include="PhysicsObject.cpp">
      <Filter>Physics\Source Files</Filter>
    </ClCompile>
    <ClCompile Include="PhysicsSystem.cpp">
      <Filter>Physics\Source Files</Filter>
    </ClCompile>
    <ClCompile Include="PositionConstraint.cpp">
      <Filter>Physics\Source Files</Filter>
    </ClCompile>
    <ClCompile Include="PushdownMachine.cpp">
      <Filter>AI\Source Files</Filter>
    </ClCompile>
    <ClCompile Include="PushdownState.cpp">
      <Filter>AI\Source Files</Filter>
    </ClCompile>
    <ClCompile Include="StateMachine.cpp">
      <Filter>AI\Source Files</Filter>
    </ClCompile>
    <ClCompile Include="StateTransition.cpp">
      <Filter>AI\Source Files</Filter>
    </ClCompile>
    <ClCompile Include="GoosePlayer.cpp">
      <Filter>Objects\GameObjects\Source Files</Filter>
    </ClCompile>
    <ClCompile Include="ObsticalPlayer.cpp">
      <Filter>Objects\GameObjects\Source Files</Filter>
    </ClCompile>
    <ClCompile Include="KeeperAI.cpp">
      <Filter>Objects\GameObjects\Source Files</Filter>
    </ClCompile>
    <ClCompile Include="AppleObject.cpp">
      <Filter>Objects\GameObjects\Source Files</Filter>
    </ClCompile>
  </ItemGroup>
</Project>